
Microsoft Visual Studio Solution File, Format Version 12.00
# Visual Studio Version 17
VisualStudioVersion = 17.11.35312.102
MinimumVisualStudioVersion = 10.0.40219.1
Project("{FAE04EC0-301F-11D3-BF4B-00C04F79EFBC}") = "Biblioteca", "Biblioteca\Biblioteca.csproj", "{B42A0660-8DEB-461A-A9CE-F60731FA6D1A}"
EndProject
Global
	GlobalSection(SolutionConfigurationPlatforms) = preSolution
		Debug|Any CPU = Debug|Any CPU
		Release|Any CPU = Release|Any CPU
	EndGlobalSection
	GlobalSection(ProjectConfigurationPlatforms) = postSolution
		{B42A0660-8DEB-461A-A9CE-F60731FA6D1A}.Debug|Any CPU.ActiveCfg = Debug|Any CPU
		{B42A0660-8DEB-461A-A9CE-F60731FA6D1A}.Debug|Any CPU.Build.0 = Debug|Any CPU
		{B42A0660-8DEB-461A-A9CE-F60731FA6D1A}.Release|Any CPU.ActiveCfg = Release|Any CPU
		{B42A0660-8DEB-461A-A9CE-F60731FA6D1A}.Release|Any CPU.Build.0 = Release|Any CPU
	EndGlobalSection
	GlobalSection(SolutionProperties) = preSolution
		HideSolutionNode = FALSE
	EndGlobalSection
	GlobalSection(ExtensibilityGlobals) = postSolution
		SolutionGuid = {FA613A4F-1C3B-420F-9FA6-8F4FC48DC5BB}
	EndGlobalSection
EndGlobal
